
Microsoft Visual Studio Solution File, Format Version 12.00
# Visual Studio Version 17
VisualStudioVersion = 17.3.32929.385
MinimumVisualStudioVersion = 10.0.40219.1
Project("{9A19103F-16F7-4668-BE54-9A1E7A4F7556}") = "LoadCell", "LoadCell.csproj", "{25675AA0-E12C-4841-B916-53187216FA6B}"
EndProject
Project("{9A19103F-16F7-4668-BE54-9A1E7A4F7556}") = "Loadcell.Core", "..\Loadcell.Core\Loadcell.Core.csproj", "{84F5E205-C978-4A14-881D-FBED9D9D8884}"
EndProject
Project("{FAE04EC0-301F-11D3-BF4B-00C04F79EFBC}") = "Loadcell.Sandbox", "..\Loadcell.Sandbox\Loadcell.Sandbox.csproj", "{479A7172-86BD-4A06-B14D-95006845A738}"
EndProject
Global
	GlobalSection(SolutionConfigurationPlatforms) = preSolution
		Debug|Any CPU = Debug|Any CPU
		Debug|ARM = Debug|ARM
		Debug|ARM64 = Debug|ARM64
		Debug|x64 = Debug|x64
		Debug|x86 = Debug|x86
		Release|Any CPU = Release|Any CPU
		Release|ARM = Release|ARM
		Release|ARM64 = Release|ARM64
		Release|x64 = Release|x64
		Release|x86 = Release|x86
	EndGlobalSection
	GlobalSection(ProjectConfigurationPlatforms) = postSolution
		{25675AA0-E12C-4841-B916-53187216FA6B}.Debug|Any CPU.ActiveCfg = Debug|Any CPU
		{25675AA0-E12C-4841-B916-53187216FA6B}.Debug|Any CPU.Build.0 = Debug|Any CPU
		{25675AA0-E12C-4841-B916-53187216FA6B}.Debug|ARM.ActiveCfg = Debug|Any CPU
		{25675AA0-E12C-4841-B916-53187216FA6B}.Debug|ARM.Build.0 = Debug|Any CPU
		{25675AA0-E12C-4841-B916-53187216FA6B}.Debug|ARM64.ActiveCfg = Debug|Any CPU
		{25675AA0-E12C-4841-B916-53187216FA6B}.Debug|ARM64.Build.0 = Debug|Any CPU
		{25675AA0-E12C-4841-B916-53187216FA6B}.Debug|x64.ActiveCfg = Debug|Any CPU
		{25675AA0-E12C-4841-B916-53187216FA6B}.Debug|x64.Build.0 = Debug|Any CPU
		{25675AA0-E12C-4841-B916-53187216FA6B}.Debug|x86.ActiveCfg = Debug|Any CPU
		{25675AA0-E12C-4841-B916-53187216FA6B}.Debug|x86.Build.0 = Debug|Any CPU
		{25675AA0-E12C-4841-B916-53187216FA6B}.Release|Any CPU.ActiveCfg = Release|Any CPU
		{25675AA0-E12C-4841-B916-53187216FA6B}.Release|Any CPU.Build.0 = Release|Any CPU
		{25675AA0-E12C-4841-B916-53187216FA6B}.Release|ARM.ActiveCfg = Release|Any CPU
		{25675AA0-E12C-4841-B916-53187216FA6B}.Release|ARM.Build.0 = Release|Any CPU
		{25675AA0-E12C-4841-B916-53187216FA6B}.Release|ARM64.ActiveCfg = Release|Any CPU
		{25675AA0-E12C-4841-B916-53187216FA6B}.Release|ARM64.Build.0 = Release|Any CPU
		{25675AA0-E12C-4841-B916-53187216FA6B}.Release|x64.ActiveCfg = Release|Any CPU
		{25675AA0-E12C-4841-B916-53187216FA6B}.Release|x64.Build.0 = Release|Any CPU
		{25675AA0-E12C-4841-B916-53187216FA6B}.Release|x86.ActiveCfg = Release|Any CPU
		{25675AA0-E12C-4841-B916-53187216FA6B}.Release|x86.Build.0 = Release|Any CPU
		{84F5E205-C978-4A14-881D-FBED9D9D8884}.Debug|Any CPU.ActiveCfg = Debug|Any CPU
		{84F5E205-C978-4A14-881D-FBED9D9D8884}.Debug|Any CPU.Build.0 = Debug|Any CPU
		{84F5E205-C978-4A14-881D-FBED9D9D8884}.Debug|ARM.ActiveCfg = Debug|Any CPU
		{84F5E205-C978-4A14-881D-FBED9D9D8884}.Debug|ARM.Build.0 = Debug|Any CPU
		{84F5E205-C978-4A14-881D-FBED9D9D8884}.Debug|ARM64.ActiveCfg = Debug|Any CPU
		{84F5E205-C978-4A14-881D-FBED9D9D8884}.Debug|ARM64.Build.0 = Debug|Any CPU
		{84F5E205-C978-4A14-881D-FBED9D9D8884}.Debug|x64.ActiveCfg = Debug|Any CPU
		{84F5E205-C978-4A14-881D-FBED9D9D8884}.Debug|x64.Build.0 = Debug|Any CPU
		{84F5E205-C978-4A14-881D-FBED9D9D8884}.Debug|x86.ActiveCfg = Debug|Any CPU
		{84F5E205-C978-4A14-881D-FBED9D9D8884}.Debug|x86.Build.0 = Debug|Any CPU
		{84F5E205-C978-4A14-881D-FBED9D9D8884}.Release|Any CPU.ActiveCfg = Release|Any CPU
		{84F5E205-C978-4A14-881D-FBED9D9D8884}.Release|Any CPU.Build.0 = Release|Any CPU
		{84F5E205-C978-4A14-881D-FBED9D9D8884}.Release|ARM.ActiveCfg = Release|Any CPU
		{84F5E205-C978-4A14-881D-FBED9D9D8884}.Release|ARM.Build.0 = Release|Any CPU
		{84F5E205-C978-4A14-881D-FBED9D9D8884}.Release|ARM64.ActiveCfg = Release|Any CPU
		{84F5E205-C978-4A14-881D-FBED9D9D8884}.Release|ARM64.Build.0 = Release|Any CPU
		{84F5E205-C978-4A14-881D-FBED9D9D8884}.Release|x64.ActiveCfg = Release|Any CPU
		{84F5E205-C978-4A14-881D-FBED9D9D8884}.Release|x64.Build.0 = Release|Any CPU
		{84F5E205-C978-4A14-881D-FBED9D9D8884}.Release|x86.ActiveCfg = Release|Any CPU
		{84F5E205-C978-4A14-881D-FBED9D9D8884}.Release|x86.Build.0 = Release|Any CPU
		{479A7172-86BD-4A06-B14D-95006845A738}.Debug|Any CPU.ActiveCfg = Debug|Any CPU
		{479A7172-86BD-4A06-B14D-95006845A738}.Debug|Any CPU.Build.0 = Debug|Any CPU
		{479A7172-86BD-4A06-B14D-95006845A738}.Debug|ARM.ActiveCfg = Debug|Any CPU
		{479A7172-86BD-4A06-B14D-95006845A738}.Debug|ARM.Build.0 = Debug|Any CPU
		{479A7172-86BD-4A06-B14D-95006845A738}.Debug|ARM64.ActiveCfg = Debug|Any CPU
		{479A7172-86BD-4A06-B14D-95006845A738}.Debug|ARM64.Build.0 = Debug|Any CPU
		{479A7172-86BD-4A06-B14D-95006845A738}.Debug|x64.ActiveCfg = Debug|Any CPU
		{479A7172-86BD-4A06-B14D-95006845A738}.Debug|x64.Build.0 = Debug|Any CPU
		{479A7172-86BD-4A06-B14D-95006845A738}.Debug|x86.ActiveCfg = Debug|Any CPU
		{479A7172-86BD-4A06-B14D-95006845A738}.Debug|x86.Build.0 = Debug|Any CPU
		{479A7172-86BD-4A06-B14D-95006845A738}.Release|Any CPU.ActiveCfg = Release|Any CPU
		{479A7172-86BD-4A06-B14D-95006845A738}.Release|Any CPU.Build.0 = Release|Any CPU
		{479A7172-86BD-4A06-B14D-95006845A738}.Release|ARM.ActiveCfg = Release|Any CPU
		{479A7172-86BD-4A06-B14D-95006845A738}.Release|ARM.Build.0 = Release|Any CPU
		{479A7172-86BD-4A06-B14D-95006845A738}.Release|ARM64.ActiveCfg = Release|Any CPU
		{479A7172-86BD-4A06-B14D-95006845A738}.Release|ARM64.Build.0 = Release|Any CPU
		{479A7172-86BD-4A06-B14D-95006845A738}.Release|x64.ActiveCfg = Release|Any CPU
		{479A7172-86BD-4A06-B14D-95006845A738}.Release|x64.Build.0 = Release|Any CPU
		{479A7172-86BD-4A06-B14D-95006845A738}.Release|x86.ActiveCfg = Release|Any CPU
		{479A7172-86BD-4A06-B14D-95006845A738}.Release|x86.Build.0 = Release|Any CPU
	EndGlobalSection
	GlobalSection(SolutionProperties) = preSolution
		HideSolutionNode = FALSE
	EndGlobalSection
	GlobalSection(ExtensibilityGlobals) = postSolution
		SolutionGuid = {228169E7-77B9-4A22-9C33-4808D965D781}
	EndGlobalSection
EndGlobal
